// !$*UTF8*$!
{
	archiveVersion = 1;
	classes = {
	};
	objectVersion = 48;
	objects = {

/* Begin PBXBuildFile section */
		56280A7623299A2F0054F077 /* AppDelegate.swift in Sources */ = {isa = PBXBuildFile; fileRef = 56280A7523299A2F0054F077 /* AppDelegate.swift */; };
		56280A7823299A2F0054F077 /* ViewController.swift in Sources */ = {isa = PBXBuildFile; fileRef = 56280A7723299A2F0054F077 /* ViewController.swift */; };
		56280A7B23299A2F0054F077 /* Main.storyboard in Resources */ = {isa = PBXBuildFile; fileRef = 56280A7923299A2F0054F077 /* Main.storyboard */; };
		56280A7E23299A2F0054F077 /* CountryStore.xcdatamodeld in Sources */ = {isa = PBXBuildFile; fileRef = 56280A7C23299A2F0054F077 /* CountryStore.xcdatamodeld */; };
		56280A8023299A2F0054F077 /* Assets.xcassets in Resources */ = {isa = PBXBuildFile; fileRef = 56280A7F23299A2F0054F077 /* Assets.xcassets */; };
		56280A8323299A2F0054F077 /* LaunchScreen.storyboard in Resources */ = {isa = PBXBuildFile; fileRef = 56280A8123299A2F0054F077 /* LaunchScreen.storyboard */; };
		56280A8E23299A300054F077 /* CountryOnOffTests.swift in Sources */ = {isa = PBXBuildFile; fileRef = 56280A8D23299A300054F077 /* CountryOnOffTests.swift */; };
		56280A9923299A300054F077 /* CountryOnOffUITests.swift in Sources */ = {isa = PBXBuildFile; fileRef = 56280A9823299A300054F077 /* CountryOnOffUITests.swift */; };
		56280AA82329ACC20054F077 /* MessageUI.framework in Frameworks */ = {isa = PBXBuildFile; fileRef = 56280AA72329ACC10054F077 /* MessageUI.framework */; };
		56280AAD2329AF070054F077 /* CoreDataManager.swift in Sources */ = {isa = PBXBuildFile; fileRef = 56280AAC2329AF060054F077 /* CoreDataManager.swift */; };
		56280AAF2329B04B0054F077 /* SwiftDebugLog.swift in Sources */ = {isa = PBXBuildFile; fileRef = 56280AAE2329B04A0054F077 /* SwiftDebugLog.swift */; };
		56280AB32329C5170054F077 /* CountriesViewController.swift in Sources */ = {isa = PBXBuildFile; fileRef = 56280AB22329C5170054F077 /* CountriesViewController.swift */; };
		56280AB52329C71A0054F077 /* CountryTableViewCell.swift in Sources */ = {isa = PBXBuildFile; fileRef = 56280AB42329C71A0054F077 /* CountryTableViewCell.swift */; };
		56280AB72329C7600054F077 /* SettingsViewController.swift in Sources */ = {isa = PBXBuildFile; fileRef = 56280AB62329C7600054F077 /* SettingsViewController.swift */; };
		56280AC12329C8ED0054F077 /* RAMBadge.swift in Sources */ = {isa = PBXBuildFile; fileRef = 56280AB92329C8EC0054F077 /* RAMBadge.swift */; };
		56280AC22329C8ED0054F077 /* RAMBounceAnimation.swift in Sources */ = {isa = PBXBuildFile; fileRef = 56280ABA2329C8EC0054F077 /* RAMBounceAnimation.swift */; };
		56280AC32329C8ED0054F077 /* RAMRotationAnimation.swift in Sources */ = {isa = PBXBuildFile; fileRef = 56280ABB2329C8EC0054F077 /* RAMRotationAnimation.swift */; };
		56280AC42329C8ED0054F077 /* RAMTransitionItemAnimations.swift in Sources */ = {isa = PBXBuildFile; fileRef = 56280ABC2329C8EC0054F077 /* RAMTransitionItemAnimations.swift */; };
		56280AC52329C8ED0054F077 /* RAMFumeAnimation.swift in Sources */ = {isa = PBXBuildFile; fileRef = 56280ABD2329C8EC0054F077 /* RAMFumeAnimation.swift */; };
		56280AC62329C8ED0054F077 /* RAMFrameItemAnimation.swift in Sources */ = {isa = PBXBuildFile; fileRef = 56280ABE2329C8ED0054F077 /* RAMFrameItemAnimation.swift */; };
		56280AC72329C8ED0054F077 /* RAMItemAnimationProtocol.swift in Sources */ = {isa = PBXBuildFile; fileRef = 56280ABF2329C8ED0054F077 /* RAMItemAnimationProtocol.swift */; };
		56280AC82329C8ED0054F077 /* RAMAnimatedTabBarController.swift in Sources */ = {isa = PBXBuildFile; fileRef = 56280AC02329C8ED0054F077 /* RAMAnimatedTabBarController.swift */; };
		56280ACA2329CA570054F077 /* MapKit.framework in Frameworks */ = {isa = PBXBuildFile; fileRef = 56280AC92329CA570054F077 /* MapKit.framework */; };
		56A3F96A232C220F00C268B7 /* SwipeCellKit.framework in Frameworks */ = {isa = PBXBuildFile; fileRef = 56A3F969232C220F00C268B7 /* SwipeCellKit.framework */; };
		8BE532ABD1350A59B343F590 /* Pods_CountryOnOffUITests.framework in Frameworks */ = {isa = PBXBuildFile; fileRef = 903D4C7E64B0CD89B996A9FB /* Pods_CountryOnOffUITests.framework */; };
		C3537F081CF824D847E07BB4 /* Pods_CountryOnOffTests.framework in Frameworks */ = {isa = PBXBuildFile; fileRef = 3D7A890566BF9CCFF3405ED5 /* Pods_CountryOnOffTests.framework */; };
		EFCE807A054FDFB5A78404E0 /* Pods_CountryOnOff.framework in Frameworks */ = {isa = PBXBuildFile; fileRef = A847FE201E88D79F9C83DB2F /* Pods_CountryOnOff.framework */; };
/* End PBXBuildFile section */

/* Begin PBXContainerItemProxy section */
		56280A8A23299A300054F077 /* PBXContainerItemProxy */ = {
			isa = PBXContainerItemProxy;
			containerPortal = 56280A6A23299A2F0054F077 /* Project object */;
			proxyType = 1;
			remoteGlobalIDString = 56280A7123299A2F0054F077;
			remoteInfo = CountryOnOff;
		};
		56280A9523299A300054F077 /* PBXContainerItemProxy */ = {
			isa = PBXContainerItemProxy;
			containerPortal = 56280A6A23299A2F0054F077 /* Project object */;
			proxyType = 1;
			remoteGlobalIDString = 56280A7123299A2F0054F077;
			remoteInfo = CountryOnOff;
		};
/* End PBXContainerItemProxy section */

/* Begin PBXFileReference section */
		11E04903D94A53104638020B /* Pods-CountryOnOffUITests.release.xcconfig */ = {isa = PBXFileReference; includeInIndex = 1; lastKnownFileType = text.xcconfig; name = "Pods-CountryOnOffUITests.release.xcconfig"; path = "Target Support Files/Pods-CountryOnOffUITests/Pods-CountryOnOffUITests.release.xcconfig"; sourceTree = "<group>"; };
		1B88D8C408729FAFF2CBC9A8 /* Pods-CountryOnOffTests.debug.xcconfig */ = {isa = PBXFileReference; includeInIndex = 1; lastKnownFileType = text.xcconfig; name = "Pods-CountryOnOffTests.debug.xcconfig"; path = "Target Support Files/Pods-CountryOnOffTests/Pods-CountryOnOffTests.debug.xcconfig"; sourceTree = "<group>"; };
		3A80AD21A8355FC71DD84067 /* Pods-CountryOnOff.debug.xcconfig */ = {isa = PBXFileReference; includeInIndex = 1; lastKnownFileType = text.xcconfig; name = "Pods-CountryOnOff.debug.xcconfig"; path = "Target Support Files/Pods-CountryOnOff/Pods-CountryOnOff.debug.xcconfig"; sourceTree = "<group>"; };
		3D7A890566BF9CCFF3405ED5 /* Pods_CountryOnOffTests.framework */ = {isa = PBXFileReference; explicitFileType = wrapper.framework; includeInIndex = 0; path = Pods_CountryOnOffTests.framework; sourceTree = BUILT_PRODUCTS_DIR; };
		56280A7223299A2F0054F077 /* CountryOnOff.app */ = {isa = PBXFileReference; explicitFileType = wrapper.application; includeInIndex = 0; path = CountryOnOff.app; sourceTree = BUILT_PRODUCTS_DIR; };
		56280A7523299A2F0054F077 /* AppDelegate.swift */ = {isa = PBXFileReference; lastKnownFileType = sourcecode.swift; path = AppDelegate.swift; sourceTree = "<group>"; };
		56280A7723299A2F0054F077 /* ViewController.swift */ = {isa = PBXFileReference; lastKnownFileType = sourcecode.swift; path = ViewController.swift; sourceTree = "<group>"; };
		56280A7A23299A2F0054F077 /* Base */ = {isa = PBXFileReference; lastKnownFileType = file.storyboard; name = Base; path = Base.lproj/Main.storyboard; sourceTree = "<group>"; };
		56280A7D23299A2F0054F077 /* CountryOnOff.xcdatamodel */ = {isa = PBXFileReference; lastKnownFileType = wrapper.xcdatamodel; path = CountryOnOff.xcdatamodel; sourceTree = "<group>"; };
		56280A7F23299A2F0054F077 /* Assets.xcassets */ = {isa = PBXFileReference; lastKnownFileType = folder.assetcatalog; path = Assets.xcassets; sourceTree = "<group>"; };
		56280A8223299A2F0054F077 /* Base */ = {isa = PBXFileReference; lastKnownFileType = file.storyboard; name = Base; path = Base.lproj/LaunchScreen.storyboard; sourceTree = "<group>"; };
		56280A8423299A2F0054F077 /* Info.plist */ = {isa = PBXFileReference; lastKnownFileType = text.plist.xml; path = Info.plist; sourceTree = "<group>"; };
		56280A8923299A300054F077 /* CountryOnOffTests.xctest */ = {isa = PBXFileReference; explicitFileType = wrapper.cfbundle; includeInIndex = 0; path = CountryOnOffTests.xctest; sourceTree = BUILT_PRODUCTS_DIR; };
		56280A8D23299A300054F077 /* CountryOnOffTests.swift */ = {isa = PBXFileReference; lastKnownFileType = sourcecode.swift; path = CountryOnOffTests.swift; sourceTree = "<group>"; };
		56280A8F23299A300054F077 /* Info.plist */ = {isa = PBXFileReference; lastKnownFileType = text.plist.xml; path = Info.plist; sourceTree = "<group>"; };
		56280A9423299A300054F077 /* CountryOnOffUITests.xctest */ = {isa = PBXFileReference; explicitFileType = wrapper.cfbundle; includeInIndex = 0; path = CountryOnOffUITests.xctest; sourceTree = BUILT_PRODUCTS_DIR; };
		56280A9823299A300054F077 /* CountryOnOffUITests.swift */ = {isa = PBXFileReference; lastKnownFileType = sourcecode.swift; path = CountryOnOffUITests.swift; sourceTree = "<group>"; };
		56280A9A23299A300054F077 /* Info.plist */ = {isa = PBXFileReference; lastKnownFileType = text.plist.xml; path = Info.plist; sourceTree = "<group>"; };
		56280AA72329ACC10054F077 /* MessageUI.framework */ = {isa = PBXFileReference; lastKnownFileType = wrapper.framework; name = MessageUI.framework; path = System/Library/Frameworks/MessageUI.framework; sourceTree = SDKROOT; };
		56280AAC2329AF060054F077 /* CoreDataManager.swift */ = {isa = PBXFileReference; lastKnownFileType = sourcecode.swift; name = CoreDataManager.swift; path = CountryOnOff/CoreDataManager.swift; sourceTree = "<group>"; };
		56280AAE2329B04A0054F077 /* SwiftDebugLog.swift */ = {isa = PBXFileReference; fileEncoding = 4; lastKnownFileType = sourcecode.swift; path = SwiftDebugLog.swift; sourceTree = "<group>"; };
		56280AB22329C5170054F077 /* CountriesViewController.swift */ = {isa = PBXFileReference; lastKnownFileType = sourcecode.swift; path = CountriesViewController.swift; sourceTree = "<group>"; };
		56280AB42329C71A0054F077 /* CountryTableViewCell.swift */ = {isa = PBXFileReference; lastKnownFileType = sourcecode.swift; name = CountryTableViewCell.swift; path = CountryOnOff/CountryTableViewCell.swift; sourceTree = "<group>"; };
		56280AB62329C7600054F077 /* SettingsViewController.swift */ = {isa = PBXFileReference; lastKnownFileType = sourcecode.swift; path = SettingsViewController.swift; sourceTree = "<group>"; };
		56280AB92329C8EC0054F077 /* RAMBadge.swift */ = {isa = PBXFileReference; fileEncoding = 4; lastKnownFileType = sourcecode.swift; path = RAMBadge.swift; sourceTree = "<group>"; };
		56280ABA2329C8EC0054F077 /* RAMBounceAnimation.swift */ = {isa = PBXFileReference; fileEncoding = 4; lastKnownFileType = sourcecode.swift; path = RAMBounceAnimation.swift; sourceTree = "<group>"; };
		56280ABB2329C8EC0054F077 /* RAMRotationAnimation.swift */ = {isa = PBXFileReference; fileEncoding = 4; lastKnownFileType = sourcecode.swift; path = RAMRotationAnimation.swift; sourceTree = "<group>"; };
		56280ABC2329C8EC0054F077 /* RAMTransitionItemAnimations.swift */ = {isa = PBXFileReference; fileEncoding = 4; lastKnownFileType = sourcecode.swift; path = RAMTransitionItemAnimations.swift; sourceTree = "<group>"; };
		56280ABD2329C8EC0054F077 /* RAMFumeAnimation.swift */ = {isa = PBXFileReference; fileEncoding = 4; lastKnownFileType = sourcecode.swift; path = RAMFumeAnimation.swift; sourceTree = "<group>"; };
		56280ABE2329C8ED0054F077 /* RAMFrameItemAnimation.swift */ = {isa = PBXFileReference; fileEncoding = 4; lastKnownFileType = sourcecode.swift; path = RAMFrameItemAnimation.swift; sourceTree = "<group>"; };
		56280ABF2329C8ED0054F077 /* RAMItemAnimationProtocol.swift */ = {isa = PBXFileReference; fileEncoding = 4; lastKnownFileType = sourcecode.swift; path = RAMItemAnimationProtocol.swift; sourceTree = "<group>"; };
		56280AC02329C8ED0054F077 /* RAMAnimatedTabBarController.swift */ = {isa = PBXFileReference; fileEncoding = 4; lastKnownFileType = sourcecode.swift; path = RAMAnimatedTabBarController.swift; sourceTree = "<group>"; };
		56280AC92329CA570054F077 /* MapKit.framework */ = {isa = PBXFileReference; lastKnownFileType = wrapper.framework; name = MapKit.framework; path = System/Library/Frameworks/MapKit.framework; sourceTree = SDKROOT; };
		56A3F969232C220F00C268B7 /* SwipeCellKit.framework */ = {isa = PBXFileReference; lastKnownFileType = wrapper.framework; name = SwipeCellKit.framework; path = Carthage/Build/iOS/SwipeCellKit.framework; sourceTree = "<group>"; };
		5B14A852F368EECB4D8944C1 /* Pods-CountryOnOff.release.xcconfig */ = {isa = PBXFileReference; includeInIndex = 1; lastKnownFileType = text.xcconfig; name = "Pods-CountryOnOff.release.xcconfig"; path = "Target Support Files/Pods-CountryOnOff/Pods-CountryOnOff.release.xcconfig"; sourceTree = "<group>"; };
		8B1D7D8CC3CE3DB6F9BB372B /* Pods-CountryOnOffTests.release.xcconfig */ = {isa = PBXFileReference; includeInIndex = 1; lastKnownFileType = text.xcconfig; name = "Pods-CountryOnOffTests.release.xcconfig"; path = "Target Support Files/Pods-CountryOnOffTests/Pods-CountryOnOffTests.release.xcconfig"; sourceTree = "<group>"; };
		903D4C7E64B0CD89B996A9FB /* Pods_CountryOnOffUITests.framework */ = {isa = PBXFileReference; explicitFileType = wrapper.framework; includeInIndex = 0; path = Pods_CountryOnOffUITests.framework; sourceTree = BUILT_PRODUCTS_DIR; };
		A847FE201E88D79F9C83DB2F /* Pods_CountryOnOff.framework */ = {isa = PBXFileReference; explicitFileType = wrapper.framework; includeInIndex = 0; path = Pods_CountryOnOff.framework; sourceTree = BUILT_PRODUCTS_DIR; };
		FDC02E685AD7C0B3890561FC /* Pods-CountryOnOffUITests.debug.xcconfig */ = {isa = PBXFileReference; includeInIndex = 1; lastKnownFileType = text.xcconfig; name = "Pods-CountryOnOffUITests.debug.xcconfig"; path = "Target Support Files/Pods-CountryOnOffUITests/Pods-CountryOnOffUITests.debug.xcconfig"; sourceTree = "<group>"; };
/* End PBXFileReference section */

/* Begin PBXFrameworksBuildPhase section */
		56280A6F23299A2F0054F077 /* Frameworks */ = {
			isa = PBXFrameworksBuildPhase;
			buildActionMask = 2147483647;
			files = (
				56280ACA2329CA570054F077 /* MapKit.framework in Frameworks */,
				56280AA82329ACC20054F077 /* MessageUI.framework in Frameworks */,
				56A3F96A232C220F00C268B7 /* SwipeCellKit.framework in Frameworks */,
				EFCE807A054FDFB5A78404E0 /* Pods_CountryOnOff.framework in Frameworks */,
			);
			runOnlyForDeploymentPostprocessing = 0;
		};
		56280A8623299A300054F077 /* Frameworks */ = {
			isa = PBXFrameworksBuildPhase;
			buildActionMask = 2147483647;
			files = (
				C3537F081CF824D847E07BB4 /* Pods_CountryOnOffTests.framework in Frameworks */,
			);
			runOnlyForDeploymentPostprocessing = 0;
		};
		56280A9123299A300054F077 /* Frameworks */ = {
			isa = PBXFrameworksBuildPhase;
			buildActionMask = 2147483647;
			files = (
				8BE532ABD1350A59B343F590 /* Pods_CountryOnOffUITests.framework in Frameworks */,
			);
			runOnlyForDeploymentPostprocessing = 0;
		};
/* End PBXFrameworksBuildPhase section */

/* Begin PBXGroup section */
		56280A6923299A2F0054F077 = {
			isa = PBXGroup;
			children = (
				56280AB82329C8A90054F077 /* TabbarAnimiation */,
				56280AB62329C7600054F077 /* SettingsViewController.swift */,
				56280AB42329C71A0054F077 /* CountryTableViewCell.swift */,
				56280AB22329C5170054F077 /* CountriesViewController.swift */,
				56280AAC2329AF060054F077 /* CoreDataManager.swift */,
				56280A7423299A2F0054F077 /* CountryOnOff */,
				56280A8C23299A300054F077 /* CountryOnOffTests */,
				56280A9723299A300054F077 /* CountryOnOffUITests */,
				56280A7323299A2F0054F077 /* Products */,
				56280AA62329ACC10054F077 /* Frameworks */,
				F3D2428B1FBB77F638713405 /* Pods */,
			);
			sourceTree = "<group>";
		};
		56280A7323299A2F0054F077 /* Products */ = {
			isa = PBXGroup;
			children = (
				56280A7223299A2F0054F077 /* CountryOnOff.app */,
				56280A8923299A300054F077 /* CountryOnOffTests.xctest */,
				56280A9423299A300054F077 /* CountryOnOffUITests.xctest */,
			);
			name = Products;
			sourceTree = "<group>";
		};
		56280A7423299A2F0054F077 /* CountryOnOff */ = {
			isa = PBXGroup;
			children = (
				56280A7523299A2F0054F077 /* AppDelegate.swift */,
				56280A7723299A2F0054F077 /* ViewController.swift */,
				56280AAE2329B04A0054F077 /* SwiftDebugLog.swift */,
				56280A7923299A2F0054F077 /* Main.storyboard */,
				56280A7F23299A2F0054F077 /* Assets.xcassets */,
				56280A8123299A2F0054F077 /* LaunchScreen.storyboard */,
				56280A8423299A2F0054F077 /* Info.plist */,
				56280A7C23299A2F0054F077 /* CountryStore.xcdatamodeld */,
			);
			path = CountryOnOff;
			sourceTree = "<group>";
		};
		56280A8C23299A300054F077 /* CountryOnOffTests */ = {
			isa = PBXGroup;
			children = (
				56280A8D23299A300054F077 /* CountryOnOffTests.swift */,
				56280A8F23299A300054F077 /* Info.plist */,
			);
			path = CountryOnOffTests;
			sourceTree = "<group>";
		};
		56280A9723299A300054F077 /* CountryOnOffUITests */ = {
			isa = PBXGroup;
			children = (
				56280A9823299A300054F077 /* CountryOnOffUITests.swift */,
				56280A9A23299A300054F077 /* Info.plist */,
			);
			path = CountryOnOffUITests;
			sourceTree = "<group>";
		};
		56280AA62329ACC10054F077 /* Frameworks */ = {
			isa = PBXGroup;
			children = (
				56A3F969232C220F00C268B7 /* SwipeCellKit.framework */,
				56280AC92329CA570054F077 /* MapKit.framework */,
				56280AA72329ACC10054F077 /* MessageUI.framework */,
				A847FE201E88D79F9C83DB2F /* Pods_CountryOnOff.framework */,
				3D7A890566BF9CCFF3405ED5 /* Pods_CountryOnOffTests.framework */,
				903D4C7E64B0CD89B996A9FB /* Pods_CountryOnOffUITests.framework */,
			);
			name = Frameworks;
			sourceTree = "<group>";
		};
		56280AB82329C8A90054F077 /* TabbarAnimiation */ = {
			isa = PBXGroup;
			children = (
				56280AC02329C8ED0054F077 /* RAMAnimatedTabBarController.swift */,
				56280AB92329C8EC0054F077 /* RAMBadge.swift */,
				56280ABA2329C8EC0054F077 /* RAMBounceAnimation.swift */,
				56280ABE2329C8ED0054F077 /* RAMFrameItemAnimation.swift */,
				56280ABD2329C8EC0054F077 /* RAMFumeAnimation.swift */,
				56280ABF2329C8ED0054F077 /* RAMItemAnimationProtocol.swift */,
				56280ABB2329C8EC0054F077 /* RAMRotationAnimation.swift */,
				56280ABC2329C8EC0054F077 /* RAMTransitionItemAnimations.swift */,
			);
			path = TabbarAnimiation;
			sourceTree = "<group>";
		};
		F3D2428B1FBB77F638713405 /* Pods */ = {
			isa = PBXGroup;
			children = (
				3A80AD21A8355FC71DD84067 /* Pods-CountryOnOff.debug.xcconfig */,
				5B14A852F368EECB4D8944C1 /* Pods-CountryOnOff.release.xcconfig */,
				1B88D8C408729FAFF2CBC9A8 /* Pods-CountryOnOffTests.debug.xcconfig */,
				8B1D7D8CC3CE3DB6F9BB372B /* Pods-CountryOnOffTests.release.xcconfig */,
				FDC02E685AD7C0B3890561FC /* Pods-CountryOnOffUITests.debug.xcconfig */,
				11E04903D94A53104638020B /* Pods-CountryOnOffUITests.release.xcconfig */,
			);
			path = Pods;
			sourceTree = "<group>";
		};
/* End PBXGroup section */

/* Begin PBXNativeTarget section */
		56280A7123299A2F0054F077 /* CountryOnOff */ = {
			isa = PBXNativeTarget;
			buildConfigurationList = 56280A9D23299A300054F077 /* Build configuration list for PBXNativeTarget "CountryOnOff" */;
			buildPhases = (
				0618F55E972EB83A464059C1 /* [CP] Check Pods Manifest.lock */,
				56280A6E23299A2F0054F077 /* Sources */,
				56280A6F23299A2F0054F077 /* Frameworks */,
				56280A7023299A2F0054F077 /* Resources */,
				5F396CE4102B99E607B2EB29 /* [CP] Embed Pods Frameworks */,
			);
			buildRules = (
			);
			dependencies = (
			);
			name = CountryOnOff;
			productName = CountryOnOff;
			productReference = 56280A7223299A2F0054F077 /* CountryOnOff.app */;
			productType = "com.apple.product-type.application";
		};
		56280A8823299A300054F077 /* CountryOnOffTests */ = {
			isa = PBXNativeTarget;
			buildConfigurationList = 56280AA023299A300054F077 /* Build configuration list for PBXNativeTarget "CountryOnOffTests" */;
			buildPhases = (
				0744BA29CC392C98122B44FF /* [CP] Check Pods Manifest.lock */,
				56280A8523299A300054F077 /* Sources */,
				56280A8623299A300054F077 /* Frameworks */,
				56280A8723299A300054F077 /* Resources */,
			);
			buildRules = (
			);
			dependencies = (
				56280A8B23299A300054F077 /* PBXTargetDependency */,
			);
			name = CountryOnOffTests;
			productName = CountryOnOffTests;
			productReference = 56280A8923299A300054F077 /* CountryOnOffTests.xctest */;
			productType = "com.apple.product-type.bundle.unit-test";
		};
		56280A9323299A300054F077 /* CountryOnOffUITests */ = {
			isa = PBXNativeTarget;
			buildConfigurationList = 56280AA323299A300054F077 /* Build configuration list for PBXNativeTarget "CountryOnOffUITests" */;
			buildPhases = (
				F5A4A38DCD2B566297064E1C /* [CP] Check Pods Manifest.lock */,
				56280A9023299A300054F077 /* Sources */,
				56280A9123299A300054F077 /* Frameworks */,
				56280A9223299A300054F077 /* Resources */,
			);
			buildRules = (
			);
			dependencies = (
				56280A9623299A300054F077 /* PBXTargetDependency */,
			);
			name = CountryOnOffUITests;
			productName = CountryOnOffUITests;
			productReference = 56280A9423299A300054F077 /* CountryOnOffUITests.xctest */;
			productType = "com.apple.product-type.bundle.ui-testing";
		};
/* End PBXNativeTarget section */

/* Begin PBXProject section */
		56280A6A23299A2F0054F077 /* Project object */ = {
			isa = PBXProject;
			attributes = {
				LastSwiftUpdateCheck = 0920;
				LastUpgradeCheck = 1030;
				ORGANIZATIONNAME = GeekGaps;
				TargetAttributes = {
					56280A7123299A2F0054F077 = {
						CreatedOnToolsVersion = 9.2;
						ProvisioningStyle = Automatic;
						SystemCapabilities = {
							com.apple.BackgroundModes = {
								enabled = 1;
							};
							com.apple.Maps.iOS = {
								enabled = 1;
							};
						};
					};
					56280A8823299A300054F077 = {
						CreatedOnToolsVersion = 9.2;
						ProvisioningStyle = Automatic;
						TestTargetID = 56280A7123299A2F0054F077;
					};
					56280A9323299A300054F077 = {
						CreatedOnToolsVersion = 9.2;
						ProvisioningStyle = Automatic;
						TestTargetID = 56280A7123299A2F0054F077;
					};
				};
			};
			buildConfigurationList = 56280A6D23299A2F0054F077 /* Build configuration list for PBXProject "CountryOnOff" */;
			compatibilityVersion = "Xcode 8.0";
			developmentRegion = en;
			hasScannedForEncodings = 0;
			knownRegions = (
				en,
				Base,
			);
			mainGroup = 56280A6923299A2F0054F077;
			productRefGroup = 56280A7323299A2F0054F077 /* Products */;
			projectDirPath = "";
			projectRoot = "";
			targets = (
				56280A7123299A2F0054F077 /* CountryOnOff */,
				56280A8823299A300054F077 /* CountryOnOffTests */,
				56280A9323299A300054F077 /* CountryOnOffUITests */,
			);
		};
/* End PBXProject section */

/* Begin PBXResourcesBuildPhase section */
		56280A7023299A2F0054F077 /* Resources */ = {
			isa = PBXResourcesBuildPhase;
			buildActionMask = 2147483647;
			files = (
				56280A8323299A2F0054F077 /* LaunchScreen.storyboard in Resources */,
				56280A8023299A2F0054F077 /* Assets.xcassets in Resources */,
				56280A7B23299A2F0054F077 /* Main.storyboard in Resources */,
			);
			runOnlyForDeploymentPostprocessing = 0;
		};
		56280A8723299A300054F077 /* Resources */ = {
			isa = PBXResourcesBuildPhase;
			buildActionMask = 2147483647;
			files = (
			);
			runOnlyForDeploymentPostprocessing = 0;
		};
		56280A9223299A300054F077 /* Resources */ = {
			isa = PBXResourcesBuildPhase;
			buildActionMask = 2147483647;
			files = (
			);
			runOnlyForDeploymentPostprocessing = 0;
		};
/* End PBXResourcesBuildPhase section */

/* Begin PBXShellScriptBuildPhase section */
		0618F55E972EB83A464059C1 /* [CP] Check Pods Manifest.lock */ = {
			isa = PBXShellScriptBuildPhase;
			buildActionMask = 2147483647;
			files = (
			);
			inputPaths = (
				"${PODS_PODFILE_DIR_PATH}/Podfile.lock",
				"${PODS_ROOT}/Manifest.lock",
			);
			name = "[CP] Check Pods Manifest.lock";
			outputPaths = (
				"$(DERIVED_FILE_DIR)/Pods-CountryOnOff-checkManifestLockResult.txt",
			);
			runOnlyForDeploymentPostprocessing = 0;
			shellPath = /bin/sh;
			shellScript = "diff \"${PODS_PODFILE_DIR_PATH}/Podfile.lock\" \"${PODS_ROOT}/Manifest.lock\" > /dev/null\nif [ $? != 0 ] ; then\n    # print error to STDERR\n    echo \"error: The sandbox is not in sync with the Podfile.lock. Run 'pod install' or update your CocoaPods installation.\" >&2\n    exit 1\nfi\n# This output is used by Xcode 'outputs' to avoid re-running this script phase.\necho \"SUCCESS\" > \"${SCRIPT_OUTPUT_FILE_0}\"\n";
			showEnvVarsInLog = 0;
		};
		0744BA29CC392C98122B44FF /* [CP] Check Pods Manifest.lock */ = {
			isa = PBXShellScriptBuildPhase;
			buildActionMask = 2147483647;
			files = (
			);
			inputPaths = (
				"${PODS_PODFILE_DIR_PATH}/Podfile.lock",
				"${PODS_ROOT}/Manifest.lock",
			);
			name = "[CP] Check Pods Manifest.lock";
			outputPaths = (
				"$(DERIVED_FILE_DIR)/Pods-CountryOnOffTests-checkManifestLockResult.txt",
			);
			runOnlyForDeploymentPostprocessing = 0;
			shellPath = /bin/sh;
			shellScript = "diff \"${PODS_PODFILE_DIR_PATH}/Podfile.lock\" \"${PODS_ROOT}/Manifest.lock\" > /dev/null\nif [ $? != 0 ] ; then\n    # print error to STDERR\n    echo \"error: The sandbox is not in sync with the Podfile.lock. Run 'pod install' or update your CocoaPods installation.\" >&2\n    exit 1\nfi\n# This output is used by Xcode 'outputs' to avoid re-running this script phase.\necho \"SUCCESS\" > \"${SCRIPT_OUTPUT_FILE_0}\"\n";
			showEnvVarsInLog = 0;
		};
		5F396CE4102B99E607B2EB29 /* [CP] Embed Pods Frameworks */ = {
			isa = PBXShellScriptBuildPhase;
			buildActionMask = 2147483647;
			files = (
			);
			inputPaths = (
				"${PODS_ROOT}/Target Support Files/Pods-CountryOnOff/Pods-CountryOnOff-frameworks.sh",
				"${BUILT_PRODUCTS_DIR}/SwipeCellKit/SwipeCellKit.framework",
			);
			name = "[CP] Embed Pods Frameworks";
			outputPaths = (
				"${TARGET_BUILD_DIR}/${FRAMEWORKS_FOLDER_PATH}/SwipeCellKit.framework",
			);
			runOnlyForDeploymentPostprocessing = 0;
			shellPath = /bin/sh;
			shellScript = "\"${PODS_ROOT}/Target Support Files/Pods-CountryOnOff/Pods-CountryOnOff-frameworks.sh\"\n";
			showEnvVarsInLog = 0;
		};
		F5A4A38DCD2B566297064E1C /* [CP] Check Pods Manifest.lock */ = {
			isa = PBXShellScriptBuildPhase;
			buildActionMask = 2147483647;
			files = (
			);
			inputPaths = (
				"${PODS_PODFILE_DIR_PATH}/Podfile.lock",
				"${PODS_ROOT}/Manifest.lock",
			);
			name = "[CP] Check Pods Manifest.lock";
			outputPaths = (
				"$(DERIVED_FILE_DIR)/Pods-CountryOnOffUITests-checkManifestLockResult.txt",
			);
			runOnlyForDeploymentPostprocessing = 0;
			shellPath = /bin/sh;
			shellScript = "diff \"${PODS_PODFILE_DIR_PATH}/Podfile.lock\" \"${PODS_ROOT}/Manifest.lock\" > /dev/null\nif [ $? != 0 ] ; then\n    # print error to STDERR\n    echo \"error: The sandbox is not in sync with the Podfile.lock. Run 'pod install' or update your CocoaPods installation.\" >&2\n    exit 1\nfi\n# This output is used by Xcode 'outputs' to avoid re-running this script phase.\necho \"SUCCESS\" > \"${SCRIPT_OUTPUT_FILE_0}\"\n";
			showEnvVarsInLog = 0;
		};
/* End PBXShellScriptBuildPhase section */

/* Begin PBXSourcesBuildPhase section */
		56280A6E23299A2F0054F077 /* Sources */ = {
			isa = PBXSourcesBuildPhase;
			buildActionMask = 2147483647;
			files = (
				56280A7E23299A2F0054F077 /* CountryStore.xcdatamodeld in Sources */,
				56280AAF2329B04B0054F077 /* SwiftDebugLog.swift in Sources */,
				56280A7823299A2F0054F077 /* ViewController.swift in Sources */,
				56280AC32329C8ED0054F077 /* RAMRotationAnimation.swift in Sources */,
				56280AC62329C8ED0054F077 /* RAMFrameItemAnimation.swift in Sources */,
				56280AAD2329AF070054F077 /* CoreDataManager.swift in Sources */,
				56280AC12329C8ED0054F077 /* RAMBadge.swift in Sources */,
				56280A7623299A2F0054F077 /* AppDelegate.swift in Sources */,
				56280AB52329C71A0054F077 /* CountryTableViewCell.swift in Sources */,
				56280AC22329C8ED0054F077 /* RAMBounceAnimation.swift in Sources */,
				56280AB32329C5170054F077 /* CountriesViewController.swift in Sources */,
				56280AC52329C8ED0054F077 /* RAMFumeAnimation.swift in Sources */,
				56280AB72329C7600054F077 /* SettingsViewController.swift in Sources */,
				56280AC82329C8ED0054F077 /* RAMAnimatedTabBarController.swift in Sources */,
				56280AC42329C8ED0054F077 /* RAMTransitionItemAnimations.swift in Sources */,
				56280AC72329C8ED0054F077 /* RAMItemAnimationProtocol.swift in Sources */,
			);
			runOnlyForDeploymentPostprocessing = 0;
		};
		56280A8523299A300054F077 /* Sources */ = {
			isa = PBXSourcesBuildPhase;
			buildActionMask = 2147483647;
			files = (
				56280A8E23299A300054F077 /* CountryOnOffTests.swift in Sources */,
			);
			runOnlyForDeploymentPostprocessing = 0;
		};
		56280A9023299A300054F077 /* Sources */ = {
			isa = PBXSourcesBuildPhase;
			buildActionMask = 2147483647;
			files = (
				56280A9923299A300054F077 /* CountryOnOffUITests.swift in Sources */,
			);
			runOnlyForDeploymentPostprocessing = 0;
		};
/* End PBXSourcesBuildPhase section */

/* Begin PBXTargetDependency section */
		56280A8B23299A300054F077 /* PBXTargetDependency */ = {
			isa = PBXTargetDependency;
			target = 56280A7123299A2F0054F077 /* CountryOnOff */;
			targetProxy = 56280A8A23299A300054F077 /* PBXContainerItemProxy */;
		};
		56280A9623299A300054F077 /* PBXTargetDependency */ = {
			isa = PBXTargetDependency;
			target = 56280A7123299A2F0054F077 /* CountryOnOff */;
			targetProxy = 56280A9523299A300054F077 /* PBXContainerItemProxy */;
		};
/* End PBXTargetDependency section */

/* Begin PBXVariantGroup section */
		56280A7923299A2F0054F077 /* Main.storyboard */ = {
			isa = PBXVariantGroup;
			children = (
				56280A7A23299A2F0054F077 /* Base */,
			);
			name = Main.storyboard;
			sourceTree = "<group>";
		};
		56280A8123299A2F0054F077 /* LaunchScreen.storyboard */ = {
			isa = PBXVariantGroup;
			children = (
				56280A8223299A2F0054F077 /* Base */,
			);
			name = LaunchScreen.storyboard;
			sourceTree = "<group>";
		};
/* End PBXVariantGroup section */

/* Begin XCBuildConfiguration section */
		56280A9B23299A300054F077 /* Debug */ = {
			isa = XCBuildConfiguration;
			buildSettings = {
				ALWAYS_SEARCH_USER_PATHS = NO;
				CLANG_ANALYZER_NONNULL = YES;
				CLANG_ANALYZER_NUMBER_OBJECT_CONVERSION = YES_AGGRESSIVE;
				CLANG_CXX_LANGUAGE_STANDARD = "gnu++14";
				CLANG_CXX_LIBRARY = "libc++";
				CLANG_ENABLE_MODULES = YES;
				CLANG_ENABLE_OBJC_ARC = YES;
				CLANG_WARN_BLOCK_CAPTURE_AUTORELEASING = YES;
				CLANG_WARN_BOOL_CONVERSION = YES;
				CLANG_WARN_COMMA = YES;
				CLANG_WARN_CONSTANT_CONVERSION = YES;
				CLANG_WARN_DEPRECATED_OBJC_IMPLEMENTATIONS = YES;
				CLANG_WARN_DIRECT_OBJC_ISA_USAGE = YES_ERROR;
				CLANG_WARN_DOCUMENTATION_COMMENTS = YES;
				CLANG_WARN_EMPTY_BODY = YES;
				CLANG_WARN_ENUM_CONVERSION = YES;
				CLANG_WARN_INFINITE_RECURSION = YES;
				CLANG_WARN_INT_CONVERSION = YES;
				CLANG_WARN_NON_LITERAL_NULL_CONVERSION = YES;
				CLANG_WARN_OBJC_IMPLICIT_RETAIN_SELF = YES;
				CLANG_WARN_OBJC_LITERAL_CONVERSION = YES;
				CLANG_WARN_OBJC_ROOT_CLASS = YES_ERROR;
				CLANG_WARN_RANGE_LOOP_ANALYSIS = YES;
				CLANG_WARN_STRICT_PROTOTYPES = YES;
				CLANG_WARN_SUSPICIOUS_MOVE = YES;
				CLANG_WARN_UNGUARDED_AVAILABILITY = YES_AGGRESSIVE;
				CLANG_WARN_UNREACHABLE_CODE = YES;
				CLANG_WARN__DUPLICATE_METHOD_MATCH = YES;
				CODE_SIGN_IDENTITY = "iPhone Developer";
				COPY_PHASE_STRIP = NO;
				DEBUG_INFORMATION_FORMAT = dwarf;
				ENABLE_STRICT_OBJC_MSGSEND = YES;
				ENABLE_TESTABILITY = YES;
				GCC_C_LANGUAGE_STANDARD = gnu11;
				GCC_DYNAMIC_NO_PIC = NO;
				GCC_NO_COMMON_BLOCKS = YES;
				GCC_OPTIMIZATION_LEVEL = 0;
				GCC_PREPROCESSOR_DEFINITIONS = (
					"DEBUG=1",
					"$(inherited)",
				);
				GCC_WARN_64_TO_32_BIT_CONVERSION = YES;
				GCC_WARN_ABOUT_RETURN_TYPE = YES_ERROR;
				GCC_WARN_UNDECLARED_SELECTOR = YES;
				GCC_WARN_UNINITIALIZED_AUTOS = YES_AGGRESSIVE;
				GCC_WARN_UNUSED_FUNCTION = YES;
				GCC_WARN_UNUSED_VARIABLE = YES;
				IPHONEOS_DEPLOYMENT_TARGET = 11.2;
				MTL_ENABLE_DEBUG_INFO = YES;
				ONLY_ACTIVE_ARCH = YES;
				SDKROOT = iphoneos;
				SWIFT_ACTIVE_COMPILATION_CONDITIONS = DEBUG;
				SWIFT_OPTIMIZATION_LEVEL = "-Onone";
			};
			name = Debug;
		};
		56280A9C23299A300054F077 /* Release */ = {
			isa = XCBuildConfiguration;
			buildSettings = {
				ALWAYS_SEARCH_USER_PATHS = NO;
				CLANG_ANALYZER_NONNULL = YES;
				CLANG_ANALYZER_NUMBER_OBJECT_CONVERSION = YES_AGGRESSIVE;
				CLANG_CXX_LANGUAGE_STANDARD = "gnu++14";
				CLANG_CXX_LIBRARY = "libc++";
				CLANG_ENABLE_MODULES = YES;
				CLANG_ENABLE_OBJC_ARC = YES;
				CLANG_WARN_BLOCK_CAPTURE_AUTORELEASING = YES;
				CLANG_WARN_BOOL_CONVERSION = YES;
				CLANG_WARN_COMMA = YES;
				CLANG_WARN_CONSTANT_CONVERSION = YES;
				CLANG_WARN_DEPRECATED_OBJC_IMPLEMENTATIONS = YES;
				CLANG_WARN_DIRECT_OBJC_ISA_USAGE = YES_ERROR;
				CLANG_WARN_DOCUMENTATION_COMMENTS = YES;
				CLANG_WARN_EMPTY_BODY = YES;
				CLANG_WARN_ENUM_CONVERSION = YES;
				CLANG_WARN_INFINITE_RECURSION = YES;
				CLANG_WARN_INT_CONVERSION = YES;
				CLANG_WARN_NON_LITERAL_NULL_CONVERSION = YES;
				CLANG_WARN_OBJC_IMPLICIT_RETAIN_SELF = YES;
				CLANG_WARN_OBJC_LITERAL_CONVERSION = YES;
				CLANG_WARN_OBJC_ROOT_CLASS = YES_ERROR;
				CLANG_WARN_RANGE_LOOP_ANALYSIS = YES;
				CLANG_WARN_STRICT_PROTOTYPES = YES;
				CLANG_WARN_SUSPICIOUS_MOVE = YES;
				CLANG_WARN_UNGUARDED_AVAILABILITY = YES_AGGRESSIVE;
				CLANG_WARN_UNREACHABLE_CODE = YES;
				CLANG_WARN__DUPLICATE_METHOD_MATCH = YES;
				CODE_SIGN_IDENTITY = "iPhone Developer";
				COPY_PHASE_STRIP = NO;
				DEBUG_INFORMATION_FORMAT = "dwarf-with-dsym";
				ENABLE_NS_ASSERTIONS = NO;
				ENABLE_STRICT_OBJC_MSGSEND = YES;
				GCC_C_LANGUAGE_STANDARD = gnu11;
				GCC_NO_COMMON_BLOCKS = YES;
				GCC_WARN_64_TO_32_BIT_CONVERSION = YES;
				GCC_WARN_ABOUT_RETURN_TYPE = YES_ERROR;
				GCC_WARN_UNDECLARED_SELECTOR = YES;
				GCC_WARN_UNINITIALIZED_AUTOS = YES_AGGRESSIVE;
				GCC_WARN_UNUSED_FUNCTION = YES;
				GCC_WARN_UNUSED_VARIABLE = YES;
				IPHONEOS_DEPLOYMENT_TARGET = 11.2;
				MTL_ENABLE_DEBUG_INFO = NO;
				SDKROOT = iphoneos;
				SWIFT_OPTIMIZATION_LEVEL = "-Owholemodule";
				VALIDATE_PRODUCT = YES;
			};
			name = Release;
		};
		56280A9E23299A300054F077 /* Debug */ = {
			isa = XCBuildConfiguration;
			baseConfigurationReference = 3A80AD21A8355FC71DD84067 /* Pods-CountryOnOff.debug.xcconfig */;
			buildSettings = {
				ASSETCATALOG_COMPILER_APPICON_NAME = AppIcon;
				CODE_SIGN_STYLE = Automatic;
				DEVELOPMENT_TEAM = F3THCYH8BC;
				FRAMEWORK_SEARCH_PATHS = (
					"$(inherited)",
					"$(PROJECT_DIR)/Carthage/Build/iOS",
				);
				INFOPLIST_FILE = CountryOnOff/Info.plist;
				IPHONEOS_DEPLOYMENT_TARGET = 10.3;
				LD_RUNPATH_SEARCH_PATHS = "$(inherited) @executable_path/Frameworks";
				PRODUCT_BUNDLE_IDENTIFIER = com.geekgaps.CountryOnOff;
				PRODUCT_NAME = "$(TARGET_NAME)";
				SWIFT_VERSION = 4.0;
				TARGETED_DEVICE_FAMILY = "1,2";
			};
			name = Debug;
		};
		56280A9F23299A300054F077 /* Release */ = {
			isa = XCBuildConfiguration;
			baseConfigurationReference = 5B14A852F368EECB4D8944C1 /* Pods-CountryOnOff.release.xcconfig */;
			buildSettings = {
				ASSETCATALOG_COMPILER_APPICON_NAME = AppIcon;
				CODE_SIGN_STYLE = Automatic;
				DEVELOPMENT_TEAM = F3THCYH8BC;
				FRAMEWORK_SEARCH_PATHS = (
					"$(inherited)",
					"$(PROJECT_DIR)/Carthage/Build/iOS",
				);
				INFOPLIST_FILE = CountryOnOff/Info.plist;
				IPHONEOS_DEPLOYMENT_TARGET = 10.3;
				LD_RUNPATH_SEARCH_PATHS = "$(inherited) @executable_path/Frameworks";
				PRODUCT_BUNDLE_IDENTIFIER = com.geekgaps.CountryOnOff;
				PRODUCT_NAME = "$(TARGET_NAME)";
				SWIFT_VERSION = 4.0;
				TARGETED_DEVICE_FAMILY = "1,2";
			};
			name = Release;
		};
		56280AA123299A300054F077 /* Debug */ = {
			isa = XCBuildConfiguration;
			baseConfigurationReference = 1B88D8C408729FAFF2CBC9A8 /* Pods-CountryOnOffTests.debug.xcconfig */;
			buildSettings = {
				ALWAYS_EMBED_SWIFT_STANDARD_LIBRARIES = YES;
				BUNDLE_LOADER = "$(TEST_HOST)";
				CODE_SIGN_STYLE = Automatic;
				DEVELOPMENT_TEAM = F3THCYH8BC;
				INFOPLIST_FILE = CountryOnOffTests/Info.plist;
				LD_RUNPATH_SEARCH_PATHS = "$(inherited) @executable_path/Frameworks @loader_path/Frameworks";
				PRODUCT_BUNDLE_IDENTIFIER = com.geekgaps.CountryOnOffTests;
				PRODUCT_NAME = "$(TARGET_NAME)";
				SWIFT_VERSION = 4.0;
				TARGETED_DEVICE_FAMILY = "1,2";
				TEST_HOST = "$(BUILT_PRODUCTS_DIR)/CountryOnOff.app/CountryOnOff";
			};
			name = Debug;
		};
		56280AA223299A300054F077 /* Release */ = {
			isa = XCBuildConfiguration;
			baseConfigurationReference = 8B1D7D8CC3CE3DB6F9BB372B /* Pods-CountryOnOffTests.release.xcconfig */;
			buildSettings = {
				ALWAYS_EMBED_SWIFT_STANDARD_LIBRARIES = YES;
				BUNDLE_LOADER = "$(TEST_HOST)";
				CODE_SIGN_STYLE = Automatic;
				DEVELOPMENT_TEAM = F3THCYH8BC;
				INFOPLIST_FILE = CountryOnOffTests/Info.plist;
				LD_RUNPATH_SEARCH_PATHS = "$(inherited) @executable_path/Frameworks @loader_path/Frameworks";
				PRODUCT_BUNDLE_IDENTIFIER = com.geekgaps.CountryOnOffTests;
				PRODUCT_NAME = "$(TARGET_NAME)";
				SWIFT_VERSION = 4.0;
				TARGETED_DEVICE_FAMILY = "1,2";
				TEST_HOST = "$(BUILT_PRODUCTS_DIR)/CountryOnOff.app/CountryOnOff";
			};
			name = Release;
		};
		56280AA423299A300054F077 /* Debug */ = {
			isa = XCBuildConfiguration;
			baseConfigurationReference = FDC02E685AD7C0B3890561FC /* Pods-CountryOnOffUITests.debug.xcconfig */;
			buildSettings = {
				ALWAYS_EMBED_SWIFT_STANDARD_LIBRARIES = YES;
				CODE_SIGN_STYLE = Automatic;
				DEVELOPMENT_TEAM = F3THCYH8BC;
				INFOPLIST_FILE = CountryOnOffUITests/Info.plist;
				LD_RUNPATH_SEARCH_PATHS = "$(inherited) @executable_path/Frameworks @loader_path/Frameworks";
				PRODUCT_BUNDLE_IDENTIFIER = com.geekgaps.CountryOnOffUITests;
				PRODUCT_NAME = "$(TARGET_NAME)";
				SWIFT_VERSION = 4.0;
				TARGETED_DEVICE_FAMILY = "1,2";
				TEST_TARGET_NAME = CountryOnOff;
			};
			name = Debug;
		};
		56280AA523299A300054F077 /* Release */ = {
			isa = XCBuildConfiguration;
			baseConfigurationReference = 11E04903D94A53104638020B /* Pods-CountryOnOffUITests.release.xcconfig */;
			buildSettings = {
				ALWAYS_EMBED_SWIFT_STANDARD_LIBRARIES = YES;
				CODE_SIGN_STYLE = Automatic;
				DEVELOPMENT_TEAM = F3THCYH8BC;
				INFOPLIST_FILE = CountryOnOffUITests/Info.plist;
				LD_RUNPATH_SEARCH_PATHS = "$(inherited) @executable_path/Frameworks @loader_path/Frameworks";
				PRODUCT_BUNDLE_IDENTIFIER = com.geekgaps.CountryOnOffUITests;
				PRODUCT_NAME = "$(TARGET_NAME)";
				SWIFT_VERSION = 4.0;
				TARGETED_DEVICE_FAMILY = "1,2";
				TEST_TARGET_NAME = CountryOnOff;
			};
			name = Release;
		};
/* End XCBuildConfiguration section */

/* Begin XCConfigurationList section */
		56280A6D23299A2F0054F077 /* Build configuration list for PBXProject "CountryOnOff" */ = {
			isa = XCConfigurationList;
			buildConfigurations = (
				56280A9B23299A300054F077 /* Debug */,
				56280A9C23299A300054F077 /* Release */,
			);
			defaultConfigurationIsVisible = 0;
			defaultConfigurationName = Release;
		};
		56280A9D23299A300054F077 /* Build configuration list for PBXNativeTarget "CountryOnOff" */ = {
			isa = XCConfigurationList;
			buildConfigurations = (
				56280A9E23299A300054F077 /* Debug */,
				56280A9F23299A300054F077 /* Release */,
			);
			defaultConfigurationIsVisible = 0;
			defaultConfigurationName = Release;
		};
		56280AA023299A300054F077 /* Build configuration list for PBXNativeTarget "CountryOnOffTests" */ = {
			isa = XCConfigurationList;
			buildConfigurations = (
				56280AA123299A300054F077 /* Debug */,
				56280AA223299A300054F077 /* Release */,
			);
			defaultConfigurationIsVisible = 0;
			defaultConfigurationName = Release;
		};
		56280AA323299A300054F077 /* Build configuration list for PBXNativeTarget "CountryOnOffUITests" */ = {
			isa = XCConfigurationList;
			buildConfigurations = (
				56280AA423299A300054F077 /* Debug */,
				56280AA523299A300054F077 /* Release */,
			);
			defaultConfigurationIsVisible = 0;
			defaultConfigurationName = Release;
		};
/* End XCConfigurationList section */

/* Begin XCVersionGroup section */
		56280A7C23299A2F0054F077 /* CountryStore.xcdatamodeld */ = {
			isa = XCVersionGroup;
			children = (
				56280A7D23299A2F0054F077 /* CountryOnOff.xcdatamodel */,
			);
			currentVersion = 56280A7D23299A2F0054F077 /* CountryOnOff.xcdatamodel */;
			path = CountryStore.xcdatamodeld;
			sourceTree = "<group>";
			versionGroupType = wrapper.xcdatamodel;
		};
/* End XCVersionGroup section */
	};
	rootObject = 56280A6A23299A2F0054F077 /* Project object */;
}
